
Microsoft Visual Studio Solution File, Format Version 12.00
# Visual Studio Version 17
VisualStudioVersion = 17.0.31903.59
MinimumVisualStudioVersion = 10.0.40219.1
Project("{2150E333-8FDC-42A3-9474-1A3956D46DE8}") = "Solution Items", "Solution Items", "{4408505D-66B1-4D7E-9BD1-2357CF00EBB9}"
	ProjectSection(SolutionItems) = preProject
		.editorconfig = .editorconfig
		.gitignore = .gitignore
		Directory.Build.props = Directory.Build.props
		icon.png = icon.png
		LICENSE = LICENSE
		nuget.config = nuget.config
		README.md = README.md
	EndProjectSection
EndProject
Project("{FAE04EC0-301F-11D3-BF4B-00C04F79EFBC}") = "Frank.Testing.Logging", "Frank.Testing.Logging\Frank.Testing.Logging.csproj", "{97F0EE16-4FC4-40DF-A8CB-E79246EE0577}"
EndProject
Project("{FAE04EC0-301F-11D3-BF4B-00C04F79EFBC}") = "Frank.Testing.Tests", "Frank.Testing.Tests\Frank.Testing.Tests.csproj", "{643E8138-0A87-478F-8FBC-2D862C88494D}"
EndProject
Project("{FAE04EC0-301F-11D3-BF4B-00C04F79EFBC}") = "Frank.Testing.TestOutputExtensions", "Frank.Testing.TestOutputExtensions\Frank.Testing.TestOutputExtensions.csproj", "{1C2E4123-AA8D-4A4E-B2EC-712A739F628B}"
EndProject
Project("{FAE04EC0-301F-11D3-BF4B-00C04F79EFBC}") = "Frank.Testing.Testcontainers", "Frank.Testing.Testcontainers\Frank.Testing.Testcontainers.csproj", "{13E7B32B-CBA5-4BA3-854B-697B835796F7}"
EndProject
Project("{FAE04EC0-301F-11D3-BF4B-00C04F79EFBC}") = "Frank.Testing.TestBases", "Frank.Testing.TestBases\Frank.Testing.TestBases.csproj", "{33258CFE-D91E-42A4-80CB-A47CB954A53A}"
EndProject
Global
	GlobalSection(SolutionConfigurationPlatforms) = preSolution
		Debug|Any CPU = Debug|Any CPU
		Release|Any CPU = Release|Any CPU
	EndGlobalSection
	GlobalSection(SolutionProperties) = preSolution
		HideSolutionNode = FALSE
	EndGlobalSection
	GlobalSection(ProjectConfigurationPlatforms) = postSolution
		{97F0EE16-4FC4-40DF-A8CB-E79246EE0577}.Debug|Any CPU.ActiveCfg = Debug|Any CPU
		{97F0EE16-4FC4-40DF-A8CB-E79246EE0577}.Debug|Any CPU.Build.0 = Debug|Any CPU
		{97F0EE16-4FC4-40DF-A8CB-E79246EE0577}.Release|Any CPU.ActiveCfg = Release|Any CPU
		{97F0EE16-4FC4-40DF-A8CB-E79246EE0577}.Release|Any CPU.Build.0 = Release|Any CPU
		{643E8138-0A87-478F-8FBC-2D862C88494D}.Debug|Any CPU.ActiveCfg = Debug|Any CPU
		{643E8138-0A87-478F-8FBC-2D862C88494D}.Debug|Any CPU.Build.0 = Debug|Any CPU
		{643E8138-0A87-478F-8FBC-2D862C88494D}.Release|Any CPU.ActiveCfg = Release|Any CPU
		{643E8138-0A87-478F-8FBC-2D862C88494D}.Release|Any CPU.Build.0 = Release|Any CPU
		{1C2E4123-AA8D-4A4E-B2EC-712A739F628B}.Debug|Any CPU.ActiveCfg = Debug|Any CPU
		{1C2E4123-AA8D-4A4E-B2EC-712A739F628B}.Debug|Any CPU.Build.0 = Debug|Any CPU
		{1C2E4123-AA8D-4A4E-B2EC-712A739F628B}.Release|Any CPU.ActiveCfg = Release|Any CPU
		{1C2E4123-AA8D-4A4E-B2EC-712A739F628B}.Release|Any CPU.Build.0 = Release|Any CPU
		{13E7B32B-CBA5-4BA3-854B-697B835796F7}.Debug|Any CPU.ActiveCfg = Debug|Any CPU
		{13E7B32B-CBA5-4BA3-854B-697B835796F7}.Debug|Any CPU.Build.0 = Debug|Any CPU
		{13E7B32B-CBA5-4BA3-854B-697B835796F7}.Release|Any CPU.ActiveCfg = Release|Any CPU
		{13E7B32B-CBA5-4BA3-854B-697B835796F7}.Release|Any CPU.Build.0 = Release|Any CPU
		{33258CFE-D91E-42A4-80CB-A47CB954A53A}.Debug|Any CPU.ActiveCfg = Debug|Any CPU
		{33258CFE-D91E-42A4-80CB-A47CB954A53A}.Debug|Any CPU.Build.0 = Debug|Any CPU
		{33258CFE-D91E-42A4-80CB-A47CB954A53A}.Release|Any CPU.ActiveCfg = Release|Any CPU
		{33258CFE-D91E-42A4-80CB-A47CB954A53A}.Release|Any CPU.Build.0 = Release|Any CPU
	EndGlobalSection
EndGlobal
